
Microsoft Visual Studio Solution File, Format Version 12.00
# Visual Studio Version 16
VisualStudioVersion = 16.0.34114.132
MinimumVisualStudioVersion = 10.0.40219.1
Project("{FAE04EC0-301F-11D3-BF4B-00C04F79EFBC}") = "AdminCylsys", "AdminCylsys.csproj", "{276C4C82-E0E5-42AE-98DF-1A9130E74D4F}"
EndProject
Global
	GlobalSection(SolutionConfigurationPlatforms) = preSolution
		Debug|Any CPU = Debug|Any CPU
		Release|Any CPU = Release|Any CPU
	EndGlobalSection
	GlobalSection(ProjectConfigurationPlatforms) = postSolution
		{276C4C82-E0E5-42AE-98DF-1A9130E74D4F}.Debug|Any CPU.ActiveCfg = Debug|Any CPU
		{276C4C82-E0E5-42AE-98DF-1A9130E74D4F}.Debug|Any CPU.Build.0 = Debug|Any CPU
		{276C4C82-E0E5-42AE-98DF-1A9130E74D4F}.Release|Any CPU.ActiveCfg = Release|Any CPU
		{276C4C82-E0E5-42AE-98DF-1A9130E74D4F}.Release|Any CPU.Build.0 = Release|Any CPU
	EndGlobalSection
	GlobalSection(SolutionProperties) = preSolution
		HideSolutionNode = FALSE
	EndGlobalSection
	GlobalSection(ExtensibilityGlobals) = postSolution
		SolutionGuid = {2FB06A8F-18DD-48F6-A9E0-08787B6386EC}
	EndGlobalSection
EndGlobal
